{
  "name": "mcproto",
  "version": "0.6.1",
  "lockfileVersion": 1,
  "requires": true,
  "dependencies": {
    "@types/node": {
      "version": "10.14.13",
      "resolved": "https://registry.npmjs.org/@types/node/-/node-10.14.13.tgz",
      "integrity": "sha512-yN/FNNW1UYsRR1wwAoyOwqvDuLDtVXnaJTZ898XIw/Q5cCaeVAlVwvsmXLX5PuiScBYwZsZU4JYSHB3TvfdwvQ==",
      "dev": true
    },
    "@types/node-fetch": {
      "version": "2.5.0",
      "resolved": "https://registry.npmjs.org/@types/node-fetch/-/node-fetch-2.5.0.tgz",
      "integrity": "sha512-TLFRywthBgL68auWj+ziWu+vnmmcHCDFC/sqCOQf1xTz4hRq8cu79z8CtHU9lncExGBsB8fXA4TiLDLt6xvMzw==",
      "dev": true,
      "requires": {
        "@types/node": "*"
      }
    },
    "mc-chat-format": {
      "version": "1.2.0",
      "resolved": "https://registry.npmjs.org/mc-chat-format/-/mc-chat-format-1.2.0.tgz",
      "integrity": "sha512-+aIILsv5qy05EddmVJQ5P/+OGm2H2MBQ3UgV93v370v5lXN/HDyTrCmh9RnjJg/gl/orUw3ILyJp+LdVQpiPJQ==",
      "dev": true
    },
    "node-fetch": {
      "version": "2.6.0",
      "resolved": "https://registry.npmjs.org/node-fetch/-/node-fetch-2.6.0.tgz",
      "integrity": "sha512-8dG4H5ujfvFiqDmVu9fQ5bOHUC15JMjMY/Zumv26oOvvVJjM67KF8koCWIabKQ1GJIa9r2mMZscBq/TbdOcmNA=="
    },
    "typescript": {
      "version": "3.5.3",
      "resolved": "https://registry.npmjs.org/typescript/-/typescript-3.5.3.tgz",
      "integrity": "sha512-ACzBtm/PhXBDId6a6sDJfroT2pOWt/oOnk4/dElG5G33ZL776N3Y6/6bKZJBFpd+b05F3Ct9qDjMeJmRWtE2/g==",
      "dev": true
    }
  }
}
