{
  "name": "mcproto",
  "version": "0.7.8",
  "lockfileVersion": 1,
  "requires": true,
  "dependencies": {
    "@types/node": {
      "version": "10.14.18",
      "resolved": "https://registry.npmjs.org/@types/node/-/node-10.14.18.tgz",
      "integrity": "sha512-ryO3Q3++yZC/+b8j8BdKd/dn9JlzlHBPdm80656xwYUdmPkpTGTjkAdt6BByiNupGPE8w0FhBgvYy/fX9hRNGQ==",
      "dev": true
    },
    "@types/node-fetch": {
      "version": "2.5.1",
      "resolved": "https://registry.npmjs.org/@types/node-fetch/-/node-fetch-2.5.1.tgz",
      "integrity": "sha512-nYsC20tHanaNa4coFvCDcuIvtdvu8YkQz0XQOoBHL1X1y1QxeNe73dg1PaLGqsJNWiVwK0bjn5Jf+ZQpE6acJg==",
      "dev": true,
      "requires": {
        "@types/node": "*"
      }
    },
    "mc-chat-format": {
      "version": "1.2.1",
      "resolved": "https://registry.npmjs.org/mc-chat-format/-/mc-chat-format-1.2.1.tgz",
      "integrity": "sha512-524xhN13Y+MzYKKA5blW5dYRGeqLmP9sOW1rq/WMyC4z9Eo40ysH73DSEG6wPQHONJ+u6Tsc8rpiFGdKb53JnQ==",
      "dev": true
    },
    "node-fetch": {
      "version": "2.6.0",
      "resolved": "https://registry.npmjs.org/node-fetch/-/node-fetch-2.6.0.tgz",
      "integrity": "sha512-8dG4H5ujfvFiqDmVu9fQ5bOHUC15JMjMY/Zumv26oOvvVJjM67KF8koCWIabKQ1GJIa9r2mMZscBq/TbdOcmNA=="
    },
    "typescript": {
      "version": "3.6.3",
      "resolved": "https://registry.npmjs.org/typescript/-/typescript-3.6.3.tgz",
      "integrity": "sha512-N7bceJL1CtRQ2RiG0AQME13ksR7DiuQh/QehubYcghzv20tnh+MQnQIuJddTmsbqYj+dztchykemz0zFzlvdQw==",
      "dev": true
    }
  }
}
